
Microsoft Visual Studio Solution File, Format Version 12.00
# Visual Studio 15
VisualStudioVersion = 15.0.27703.2018
MinimumVisualStudioVersion = 10.0.40219.1
Project("{FAE04EC0-301F-11D3-BF4B-00C04F79EFBC}") = "stoplight", "stoplight\stoplight.csproj", "{B2475780-A4FE-467A-8DA1-2F0D312D16CB}"
EndProject
Global
	GlobalSection(SolutionConfigurationPlatforms) = preSolution
		Debug|Any CPU = Debug|Any CPU
		Release|Any CPU = Release|Any CPU
	EndGlobalSection
	GlobalSection(ProjectConfigurationPlatforms) = postSolution
		{B2475780-A4FE-467A-8DA1-2F0D312D16CB}.Debug|Any CPU.ActiveCfg = Debug|Any CPU
		{B2475780-A4FE-467A-8DA1-2F0D312D16CB}.Debug|Any CPU.Build.0 = Debug|Any CPU
		{B2475780-A4FE-467A-8DA1-2F0D312D16CB}.Release|Any CPU.ActiveCfg = Release|Any CPU
		{B2475780-A4FE-467A-8DA1-2F0D312D16CB}.Release|Any CPU.Build.0 = Release|Any CPU
	EndGlobalSection
	GlobalSection(SolutionProperties) = preSolution
		HideSolutionNode = FALSE
	EndGlobalSection
	GlobalSection(ExtensibilityGlobals) = postSolution
		SolutionGuid = {D4691429-5BB8-42DC-BD44-0C5C5C8E22F5}
	EndGlobalSection
EndGlobal
